
Microsoft Visual Studio Solution File, Format Version 12.00
# Visual Studio Version 16
VisualStudioVersion = 16.0.32901.82
MinimumVisualStudioVersion = 10.0.40219.1
Project("{FAE04EC0-301F-11D3-BF4B-00C04F79EFBC}") = "Zadanie2Practic2", "Zadanie2Practic2\Zadanie2Practic2.csproj", "{751BB00F-9FD7-43A4-A07B-6D4EE0C4C4F0}"
EndProject
Global
	GlobalSection(SolutionConfigurationPlatforms) = preSolution
		Debug|Any CPU = Debug|Any CPU
		Release|Any CPU = Release|Any CPU
	EndGlobalSection
	GlobalSection(ProjectConfigurationPlatforms) = postSolution
		{751BB00F-9FD7-43A4-A07B-6D4EE0C4C4F0}.Debug|Any CPU.ActiveCfg = Debug|Any CPU
		{751BB00F-9FD7-43A4-A07B-6D4EE0C4C4F0}.Debug|Any CPU.Build.0 = Debug|Any CPU
		{751BB00F-9FD7-43A4-A07B-6D4EE0C4C4F0}.Release|Any CPU.ActiveCfg = Release|Any CPU
		{751BB00F-9FD7-43A4-A07B-6D4EE0C4C4F0}.Release|Any CPU.Build.0 = Release|Any CPU
	EndGlobalSection
	GlobalSection(SolutionProperties) = preSolution
		HideSolutionNode = FALSE
	EndGlobalSection
	GlobalSection(ExtensibilityGlobals) = postSolution
		SolutionGuid = {7E471697-13E1-4FD8-A409-E973DC200B3A}
	EndGlobalSection
EndGlobal
