
Microsoft Visual Studio Solution File, Format Version 12.00
# Visual Studio Version 16
VisualStudioVersion = 16.0.32901.82
MinimumVisualStudioVersion = 10.0.40219.1
Project("{FAE04EC0-301F-11D3-BF4B-00C04F79EFBC}") = "Zadanie1Practic2_2", "Zadanie1Practic2_2\Zadanie1Practic2_2.csproj", "{49E04BC3-C22C-4A9C-84BD-CEEF9D0BC452}"
EndProject
Global
	GlobalSection(SolutionConfigurationPlatforms) = preSolution
		Debug|Any CPU = Debug|Any CPU
		Release|Any CPU = Release|Any CPU
	EndGlobalSection
	GlobalSection(ProjectConfigurationPlatforms) = postSolution
		{49E04BC3-C22C-4A9C-84BD-CEEF9D0BC452}.Debug|Any CPU.ActiveCfg = Debug|Any CPU
		{49E04BC3-C22C-4A9C-84BD-CEEF9D0BC452}.Debug|Any CPU.Build.0 = Debug|Any CPU
		{49E04BC3-C22C-4A9C-84BD-CEEF9D0BC452}.Release|Any CPU.ActiveCfg = Release|Any CPU
		{49E04BC3-C22C-4A9C-84BD-CEEF9D0BC452}.Release|Any CPU.Build.0 = Release|Any CPU
	EndGlobalSection
	GlobalSection(SolutionProperties) = preSolution
		HideSolutionNode = FALSE
	EndGlobalSection
	GlobalSection(ExtensibilityGlobals) = postSolution
		SolutionGuid = {575B44D9-CBF6-412D-8202-D8C0401EB855}
	EndGlobalSection
EndGlobal
